
Microsoft Visual Studio Solution File, Format Version 12.00
# Visual Studio Version 17
VisualStudioVersion = 17.8.34322.80
MinimumVisualStudioVersion = 10.0.40219.1
Project("{9A19103F-16F7-4668-BE54-9A1E7A4F7556}") = "BirthdayReminder", "BirthdayReminder\BirthdayReminder.csproj", "{0E955F0E-A698-44A2-BB08-91164B311A77}"
EndProject
Global
	GlobalSection(SolutionConfigurationPlatforms) = preSolution
		Debug|Any CPU = Debug|Any CPU
		Release|Any CPU = Release|Any CPU
	EndGlobalSection
	GlobalSection(ProjectConfigurationPlatforms) = postSolution
		{0E955F0E-A698-44A2-BB08-91164B311A77}.Debug|Any CPU.ActiveCfg = Release|Any CPU
		{0E955F0E-A698-44A2-BB08-91164B311A77}.Debug|Any CPU.Build.0 = Release|Any CPU
		{0E955F0E-A698-44A2-BB08-91164B311A77}.Release|Any CPU.ActiveCfg = Release|Any CPU
		{0E955F0E-A698-44A2-BB08-91164B311A77}.Release|Any CPU.Build.0 = Release|Any CPU
	EndGlobalSection
	GlobalSection(SolutionProperties) = preSolution
		HideSolutionNode = FALSE
	EndGlobalSection
	GlobalSection(ExtensibilityGlobals) = postSolution
		SolutionGuid = {119403A3-A774-4A76-9C66-249E558ED01B}
	EndGlobalSection
EndGlobal
